
Microsoft Visual Studio Solution File, Format Version 12.00
# Visual Studio Version 17
VisualStudioVersion = 17.6.33815.320
MinimumVisualStudioVersion = 10.0.40219.1
Project("{FAE04EC0-301F-11D3-BF4B-00C04F79EFBC}") = "KursDZ", "KursDZ\KursDZ.csproj", "{FCB2F895-59D0-4C59-958E-E04664C30A6F}"
EndProject
Global
	GlobalSection(SolutionConfigurationPlatforms) = preSolution
		Debug|Any CPU = Debug|Any CPU
		Release|Any CPU = Release|Any CPU
	EndGlobalSection
	GlobalSection(ProjectConfigurationPlatforms) = postSolution
		{FCB2F895-59D0-4C59-958E-E04664C30A6F}.Debug|Any CPU.ActiveCfg = Debug|Any CPU
		{FCB2F895-59D0-4C59-958E-E04664C30A6F}.Debug|Any CPU.Build.0 = Debug|Any CPU
		{FCB2F895-59D0-4C59-958E-E04664C30A6F}.Release|Any CPU.ActiveCfg = Release|Any CPU
		{FCB2F895-59D0-4C59-958E-E04664C30A6F}.Release|Any CPU.Build.0 = Release|Any CPU
	EndGlobalSection
	GlobalSection(SolutionProperties) = preSolution
		HideSolutionNode = FALSE
	EndGlobalSection
	GlobalSection(ExtensibilityGlobals) = postSolution
		SolutionGuid = {FAE4EDF6-DC73-4909-94B8-2D7B05B4D8BB}
	EndGlobalSection
EndGlobal
